
Microsoft Visual Studio Solution File, Format Version 12.00
# Visual Studio Version 16
VisualStudioVersion = 16.0.33423.256
MinimumVisualStudioVersion = 10.0.40219.1
Project("{FAE04EC0-301F-11D3-BF4B-00C04F79EFBC}") = "HSK253", "HSK253\HSK253.csproj", "{FA18CF0D-1FEE-4DAB-8AC3-D2A8063CCBF9}"
EndProject
Global
	GlobalSection(SolutionConfigurationPlatforms) = preSolution
		Debug|Any CPU = Debug|Any CPU
		Release|Any CPU = Release|Any CPU
	EndGlobalSection
	GlobalSection(ProjectConfigurationPlatforms) = postSolution
		{FA18CF0D-1FEE-4DAB-8AC3-D2A8063CCBF9}.Debug|Any CPU.ActiveCfg = Debug|Any CPU
		{FA18CF0D-1FEE-4DAB-8AC3-D2A8063CCBF9}.Debug|Any CPU.Build.0 = Debug|Any CPU
		{FA18CF0D-1FEE-4DAB-8AC3-D2A8063CCBF9}.Release|Any CPU.ActiveCfg = Release|Any CPU
		{FA18CF0D-1FEE-4DAB-8AC3-D2A8063CCBF9}.Release|Any CPU.Build.0 = Release|Any CPU
	EndGlobalSection
	GlobalSection(SolutionProperties) = preSolution
		HideSolutionNode = FALSE
	EndGlobalSection
	GlobalSection(ExtensibilityGlobals) = postSolution
		SolutionGuid = {EF48C1EB-8F79-4882-9A4A-403238BAE5AF}
	EndGlobalSection
EndGlobal
