
Microsoft Visual Studio Solution File, Format Version 12.00
# Visual Studio Version 17
VisualStudioVersion = 17.4.33110.190
MinimumVisualStudioVersion = 10.0.40219.1
Project("{FAE04EC0-301F-11D3-BF4B-00C04F79EFBC}") = "HSK82", "HSK82\HSK82.csproj", "{AB90D490-1DE0-4861-8B12-A29E7DE25009}"
EndProject
Global
	GlobalSection(SolutionConfigurationPlatforms) = preSolution
		Debug|Any CPU = Debug|Any CPU
		Release|Any CPU = Release|Any CPU
	EndGlobalSection
	GlobalSection(ProjectConfigurationPlatforms) = postSolution
		{AB90D490-1DE0-4861-8B12-A29E7DE25009}.Debug|Any CPU.ActiveCfg = Debug|Any CPU
		{AB90D490-1DE0-4861-8B12-A29E7DE25009}.Debug|Any CPU.Build.0 = Debug|Any CPU
		{AB90D490-1DE0-4861-8B12-A29E7DE25009}.Release|Any CPU.ActiveCfg = Release|Any CPU
		{AB90D490-1DE0-4861-8B12-A29E7DE25009}.Release|Any CPU.Build.0 = Release|Any CPU
	EndGlobalSection
	GlobalSection(SolutionProperties) = preSolution
		HideSolutionNode = FALSE
	EndGlobalSection
	GlobalSection(ExtensibilityGlobals) = postSolution
		SolutionGuid = {9AA45850-B273-441C-97A2-729F09CECA4E}
	EndGlobalSection
EndGlobal
